{
  "name": "ags",
  "lockfileVersion": 3,
  "requires": true,
  "packages": {
    "": {
      "dependencies": {
        "@logtape/logtape": "^2.0.2",
        "ags": "*",
        "gnim": "*"
      }
    },
    "../../../../usr/share/ags/js": {
      "name": "ags",
      "version": "3.1.0",
      "license": "LGPL-2.1",
      "os": [
        "linux"
      ],
      "devDependencies": {
        "@eslint/js": "latest",
        "eslint": "^9.39.1",
        "typescript": "^5.9.3",
        "typescript-eslint": "^8.48.0"
      },
      "engines": {
        "gjs": ">=1.79.0"
      },
      "funding": {
        "type": "kofi",
        "url": "https://ko-fi.com/aylur"
      },
      "peerDependencies": {
        "gnim": "^1.9.0"
      }
    },
    "../../../../usr/share/ags/js/node_modules/gnim": {
      "version": "1.9.0",
      "license": "MIT",
      "engines": {
        "gjs": ">=1.79.0"
      },
      "funding": {
        "type": "kofi",
        "url": "https://ko-fi.com/aylur"
      }
    },
    "node_modules/@logtape/logtape": {
      "version": "2.0.2",
      "resolved": "https://registry.npmjs.org/@logtape/logtape/-/logtape-2.0.2.tgz",
      "integrity": "sha512-cveUBLbCMFkvkLycP/2vNWvywl47JcJbazHIju94/QNGboZ/jyYAgZIm0ZXezAOx3eIz8OG1EOZ5CuQP3+2FQg==",
      "funding": [
        "https://github.com/sponsors/dahlia"
      ],
      "license": "MIT"
    },
    "node_modules/ags": {
      "resolved": "../../../../usr/share/ags/js",
      "link": true
    },
    "node_modules/gnim": {
      "resolved": "../../../../usr/share/ags/js/node_modules/gnim",
      "link": true
    }
  }
}
